// !$*UTF8*$!
{
	archiveVersion = 1;
	classes = {
	};
	objectVersion = 46;
	objects = {

/* Begin PBXBuildFile section */
		0B45AB501A149937000A0CF7 /* main.m in Sources */ = {isa = PBXBuildFile; fileRef = 0B45AB4F1A149937000A0CF7 /* main.m */; };
		0B45AB581A149A37000A0CF7 /* Indexer.m in Sources */ = {isa = PBXBuildFile; fileRef = 0B45AB571A149A37000A0CF7 /* Indexer.m */; };
		0B45AB5B1A149D1E000A0CF7 /* FlatFileUtils.m in Sources */ = {isa = PBXBuildFile; fileRef = 0B45AB5A1A149D1E000A0CF7 /* FlatFileUtils.m */; };
		0B45AB5E1A149F8C000A0CF7 /* RKSortedList.m in Sources */ = {isa = PBXBuildFile; fileRef = 0B45AB5D1A149F8C000A0CF7 /* RKSortedList.m */; };
		0B45ABDB1A18A575000A0CF7 /* RKKeySet.m in Sources */ = {isa = PBXBuildFile; fileRef = 0B45ABDA1A18A575000A0CF7 /* RKKeySet.m */; };
/* End PBXBuildFile section */

/* Begin PBXCopyFilesBuildPhase section */
		0B45AB4A1A149937000A0CF7 /* CopyFiles */ = {
			isa = PBXCopyFilesBuildPhase;
			buildActionMask = 2147483647;
			dstPath = /usr/share/man/man1/;
			dstSubfolderSpec = 0;
			files = (
			);
			runOnlyForDeploymentPostprocessing = 1;
		};
/* End PBXCopyFilesBuildPhase section */

/* Begin PBXFileReference section */
		0B45AB4C1A149937000A0CF7 /* ffindexer */ = {isa = PBXFileReference; explicitFileType = "compiled.mach-o.executable"; includeInIndex = 0; path = ffindexer; sourceTree = BUILT_PRODUCTS_DIR; };
		0B45AB4F1A149937000A0CF7 /* main.m */ = {isa = PBXFileReference; lastKnownFileType = sourcecode.c.objc; path = main.m; sourceTree = "<group>"; };
		0B45AB561A149A37000A0CF7 /* Indexer.h */ = {isa = PBXFileReference; fileEncoding = 4; lastKnownFileType = sourcecode.c.h; path = Indexer.h; sourceTree = "<group>"; };
		0B45AB571A149A37000A0CF7 /* Indexer.m */ = {isa = PBXFileReference; fileEncoding = 4; lastKnownFileType = sourcecode.c.objc; path = Indexer.m; sourceTree = "<group>"; };
		0B45AB591A149D1E000A0CF7 /* FlatFileUtils.h */ = {isa = PBXFileReference; fileEncoding = 4; lastKnownFileType = sourcecode.c.h; path = FlatFileUtils.h; sourceTree = "<group>"; };
		0B45AB5A1A149D1E000A0CF7 /* FlatFileUtils.m */ = {isa = PBXFileReference; fileEncoding = 4; lastKnownFileType = sourcecode.c.objc; path = FlatFileUtils.m; sourceTree = "<group>"; };
		0B45AB5C1A149F8C000A0CF7 /* RKSortedList.h */ = {isa = PBXFileReference; fileEncoding = 4; lastKnownFileType = sourcecode.c.h; path = RKSortedList.h; sourceTree = "<group>"; };
		0B45AB5D1A149F8C000A0CF7 /* RKSortedList.m */ = {isa = PBXFileReference; fileEncoding = 4; lastKnownFileType = sourcecode.c.objc; path = RKSortedList.m; sourceTree = "<group>"; };
		0B45ABD91A18A575000A0CF7 /* RKKeySet.h */ = {isa = PBXFileReference; fileEncoding = 4; lastKnownFileType = sourcecode.c.h; path = RKKeySet.h; sourceTree = "<group>"; };
		0B45ABDA1A18A575000A0CF7 /* RKKeySet.m */ = {isa = PBXFileReference; fileEncoding = 4; lastKnownFileType = sourcecode.c.objc; path = RKKeySet.m; sourceTree = "<group>"; };
/* End PBXFileReference section */

/* Begin PBXFrameworksBuildPhase section */
		0B45AB491A149937000A0CF7 /* Frameworks */ = {
			isa = PBXFrameworksBuildPhase;
			buildActionMask = 2147483647;
			files = (
			);
			runOnlyForDeploymentPostprocessing = 0;
		};
/* End PBXFrameworksBuildPhase section */

/* Begin PBXGroup section */
		0B45AB431A149937000A0CF7 = {
			isa = PBXGroup;
			children = (
				0B45AB4E1A149937000A0CF7 /* ffindexer */,
				0B45AB4D1A149937000A0CF7 /* Products */,
			);
			sourceTree = "<group>";
		};
		0B45AB4D1A149937000A0CF7 /* Products */ = {
			isa = PBXGroup;
			children = (
				0B45AB4C1A149937000A0CF7 /* ffindexer */,
			);
			name = Products;
			sourceTree = "<group>";
		};
		0B45AB4E1A149937000A0CF7 /* ffindexer */ = {
			isa = PBXGroup;
			children = (
				0B45ABD91A18A575000A0CF7 /* RKKeySet.h */,
				0B45ABDA1A18A575000A0CF7 /* RKKeySet.m */,
				0B45AB4F1A149937000A0CF7 /* main.m */,
				0B45AB561A149A37000A0CF7 /* Indexer.h */,
				0B45AB571A149A37000A0CF7 /* Indexer.m */,
				0B45AB591A149D1E000A0CF7 /* FlatFileUtils.h */,
				0B45AB5A1A149D1E000A0CF7 /* FlatFileUtils.m */,
				0B45AB5C1A149F8C000A0CF7 /* RKSortedList.h */,
				0B45AB5D1A149F8C000A0CF7 /* RKSortedList.m */,
			);
			path = ffindexer;
			sourceTree = "<group>";
		};
/* End PBXGroup section */

/* Begin PBXNativeTarget section */
		0B45AB4B1A149937000A0CF7 /* ffindexer */ = {
			isa = PBXNativeTarget;
			buildConfigurationList = 0B45AB531A149937000A0CF7 /* Build configuration list for PBXNativeTarget "ffindexer" */;
			buildPhases = (
				0B45AB481A149937000A0CF7 /* Sources */,
				0B45AB491A149937000A0CF7 /* Frameworks */,
				0B45AB4A1A149937000A0CF7 /* CopyFiles */,
			);
			buildRules = (
			);
			dependencies = (
			);
			name = ffindexer;
			productName = ffindexer;
			productReference = 0B45AB4C1A149937000A0CF7 /* ffindexer */;
			productType = "com.apple.product-type.tool";
		};
/* End PBXNativeTarget section */

/* Begin PBXProject section */
		0B45AB441A149937000A0CF7 /* Project object */ = {
			isa = PBXProject;
			attributes = {
				LastUpgradeCheck = 0600;
				ORGANIZATIONNAME = "Peter Kollath";
				TargetAttributes = {
					0B45AB4B1A149937000A0CF7 = {
						CreatedOnToolsVersion = 6.0.1;
					};
				};
			};
			buildConfigurationList = 0B45AB471A149937000A0CF7 /* Build configuration list for PBXProject "ffindexer" */;
			compatibilityVersion = "Xcode 3.2";
			developmentRegion = English;
			hasScannedForEncodings = 0;
			knownRegions = (
				en,
			);
			mainGroup = 0B45AB431A149937000A0CF7;
			productRefGroup = 0B45AB4D1A149937000A0CF7 /* Products */;
			projectDirPath = "";
			projectRoot = "";
			targets = (
				0B45AB4B1A149937000A0CF7 /* ffindexer */,
			);
		};
/* End PBXProject section */

/* Begin PBXSourcesBuildPhase section */
		0B45AB481A149937000A0CF7 /* Sources */ = {
			isa = PBXSourcesBuildPhase;
			buildActionMask = 2147483647;
			files = (
				0B45ABDB1A18A575000A0CF7 /* RKKeySet.m in Sources */,
				0B45AB501A149937000A0CF7 /* main.m in Sources */,
				0B45AB5B1A149D1E000A0CF7 /* FlatFileUtils.m in Sources */,
				0B45AB581A149A37000A0CF7 /* Indexer.m in Sources */,
				0B45AB5E1A149F8C000A0CF7 /* RKSortedList.m in Sources */,
			);
			runOnlyForDeploymentPostprocessing = 0;
		};
/* End PBXSourcesBuildPhase section */

/* Begin XCBuildConfiguration section */
		0B45AB511A149937000A0CF7 /* Debug */ = {
			isa = XCBuildConfiguration;
			buildSettings = {
				ALWAYS_SEARCH_USER_PATHS = NO;
				CLANG_CXX_LANGUAGE_STANDARD = "gnu++0x";
				CLANG_CXX_LIBRARY = "libc++";
				CLANG_ENABLE_MODULES = YES;
				CLANG_ENABLE_OBJC_ARC = YES;
				CLANG_WARN_BOOL_CONVERSION = YES;
				CLANG_WARN_CONSTANT_CONVERSION = YES;
				CLANG_WARN_DIRECT_OBJC_ISA_USAGE = YES_ERROR;
				CLANG_WARN_EMPTY_BODY = YES;
				CLANG_WARN_ENUM_CONVERSION = YES;
				CLANG_WARN_INT_CONVERSION = YES;
				CLANG_WARN_OBJC_ROOT_CLASS = YES_ERROR;
				CLANG_WARN_UNREACHABLE_CODE = YES;
				CLANG_WARN__DUPLICATE_METHOD_MATCH = YES;
				COPY_PHASE_STRIP = NO;
				ENABLE_STRICT_OBJC_MSGSEND = YES;
				GCC_C_LANGUAGE_STANDARD = gnu99;
				GCC_DYNAMIC_NO_PIC = NO;
				GCC_OPTIMIZATION_LEVEL = 0;
				GCC_PREPROCESSOR_DEFINITIONS = (
					"DEBUG=1",
					"$(inherited)",
				);
				GCC_SYMBOLS_PRIVATE_EXTERN = NO;
				GCC_WARN_64_TO_32_BIT_CONVERSION = YES;
				GCC_WARN_ABOUT_RETURN_TYPE = YES_ERROR;
				GCC_WARN_UNDECLARED_SELECTOR = YES;
				GCC_WARN_UNINITIALIZED_AUTOS = YES_AGGRESSIVE;
				GCC_WARN_UNUSED_FUNCTION = YES;
				GCC_WARN_UNUSED_VARIABLE = YES;
				MACOSX_DEPLOYMENT_TARGET = 10.10;
				MTL_ENABLE_DEBUG_INFO = YES;
				ONLY_ACTIVE_ARCH = YES;
				SDKROOT = macosx;
			};
			name = Debug;
		};
		0B45AB521A149937000A0CF7 /* Release */ = {
			isa = XCBuildConfiguration;
			buildSettings = {
				ALWAYS_SEARCH_USER_PATHS = NO;
				CLANG_CXX_LANGUAGE_STANDARD = "gnu++0x";
				CLANG_CXX_LIBRARY = "libc++";
				CLANG_ENABLE_MODULES = YES;
				CLANG_ENABLE_OBJC_ARC = YES;
				CLANG_WARN_BOOL_CONVERSION = YES;
				CLANG_WARN_CONSTANT_CONVERSION = YES;
				CLANG_WARN_DIRECT_OBJC_ISA_USAGE = YES_ERROR;
				CLANG_WARN_EMPTY_BODY = YES;
				CLANG_WARN_ENUM_CONVERSION = YES;
				CLANG_WARN_INT_CONVERSION = YES;
				CLANG_WARN_OBJC_ROOT_CLASS = YES_ERROR;
				CLANG_WARN_UNREACHABLE_CODE = YES;
				CLANG_WARN__DUPLICATE_METHOD_MATCH = YES;
				COPY_PHASE_STRIP = YES;
				DEBUG_INFORMATION_FORMAT = "dwarf-with-dsym";
				ENABLE_NS_ASSERTIONS = NO;
				ENABLE_STRICT_OBJC_MSGSEND = YES;
				GCC_C_LANGUAGE_STANDARD = gnu99;
				GCC_WARN_64_TO_32_BIT_CONVERSION = YES;
				GCC_WARN_ABOUT_RETURN_TYPE = YES_ERROR;
				GCC_WARN_UNDECLARED_SELECTOR = YES;
				GCC_WARN_UNINITIALIZED_AUTOS = YES_AGGRESSIVE;
				GCC_WARN_UNUSED_FUNCTION = YES;
				GCC_WARN_UNUSED_VARIABLE = YES;
				MACOSX_DEPLOYMENT_TARGET = 10.10;
				MTL_ENABLE_DEBUG_INFO = NO;
				SDKROOT = macosx;
			};
			name = Release;
		};
		0B45AB541A149937000A0CF7 /* Debug */ = {
			isa = XCBuildConfiguration;
			buildSettings = {
				PRODUCT_NAME = "$(TARGET_NAME)";
			};
			name = Debug;
		};
		0B45AB551A149937000A0CF7 /* Release */ = {
			isa = XCBuildConfiguration;
			buildSettings = {
				PRODUCT_NAME = "$(TARGET_NAME)";
			};
			name = Release;
		};
/* End XCBuildConfiguration section */

/* Begin XCConfigurationList section */
		0B45AB471A149937000A0CF7 /* Build configuration list for PBXProject "ffindexer" */ = {
			isa = XCConfigurationList;
			buildConfigurations = (
				0B45AB511A149937000A0CF7 /* Debug */,
				0B45AB521A149937000A0CF7 /* Release */,
			);
			defaultConfigurationIsVisible = 0;
			defaultConfigurationName = Release;
		};
		0B45AB531A149937000A0CF7 /* Build configuration list for PBXNativeTarget "ffindexer" */ = {
			isa = XCConfigurationList;
			buildConfigurations = (
				0B45AB541A149937000A0CF7 /* Debug */,
				0B45AB551A149937000A0CF7 /* Release */,
			);
			defaultConfigurationIsVisible = 0;
			defaultConfigurationName = Release;
		};
/* End XCConfigurationList section */
	};
	rootObject = 0B45AB441A149937000A0CF7 /* Project object */;
}
