// !$*UTF8*$!
{
	archiveVersion = 1;
	classes = {
	};
	objectVersion = 46;
	objects = {

/* Begin PBXBuildFile section */
		0B87D0B91A23891900B66E75 /* main.m in Sources */ = {isa = PBXBuildFile; fileRef = 0B87D0B81A23891900B66E75 /* main.m */; };
		0B87D0C11A23895E00B66E75 /* Appender.m in Sources */ = {isa = PBXBuildFile; fileRef = 0B87D0C01A23895E00B66E75 /* Appender.m */; };
/* End PBXBuildFile section */

/* Begin PBXCopyFilesBuildPhase section */
		0B87D0B31A23891900B66E75 /* CopyFiles */ = {
			isa = PBXCopyFilesBuildPhase;
			buildActionMask = 2147483647;
			dstPath = /usr/share/man/man1/;
			dstSubfolderSpec = 0;
			files = (
			);
			runOnlyForDeploymentPostprocessing = 1;
		};
/* End PBXCopyFilesBuildPhase section */

/* Begin PBXFileReference section */
		0B87D0B51A23891900B66E75 /* ffappendkeywords */ = {isa = PBXFileReference; explicitFileType = "compiled.mach-o.executable"; includeInIndex = 0; path = ffappendkeywords; sourceTree = BUILT_PRODUCTS_DIR; };
		0B87D0B81A23891900B66E75 /* main.m */ = {isa = PBXFileReference; lastKnownFileType = sourcecode.c.objc; path = main.m; sourceTree = "<group>"; };
		0B87D0BF1A23895E00B66E75 /* Appender.h */ = {isa = PBXFileReference; fileEncoding = 4; lastKnownFileType = sourcecode.c.h; path = Appender.h; sourceTree = "<group>"; };
		0B87D0C01A23895E00B66E75 /* Appender.m */ = {isa = PBXFileReference; fileEncoding = 4; lastKnownFileType = sourcecode.c.objc; path = Appender.m; sourceTree = "<group>"; };
/* End PBXFileReference section */

/* Begin PBXFrameworksBuildPhase section */
		0B87D0B21A23891900B66E75 /* Frameworks */ = {
			isa = PBXFrameworksBuildPhase;
			buildActionMask = 2147483647;
			files = (
			);
			runOnlyForDeploymentPostprocessing = 0;
		};
/* End PBXFrameworksBuildPhase section */

/* Begin PBXGroup section */
		0B87D0AC1A23891900B66E75 = {
			isa = PBXGroup;
			children = (
				0B87D0B71A23891900B66E75 /* ffappendkeywords */,
				0B87D0B61A23891900B66E75 /* Products */,
			);
			sourceTree = "<group>";
		};
		0B87D0B61A23891900B66E75 /* Products */ = {
			isa = PBXGroup;
			children = (
				0B87D0B51A23891900B66E75 /* ffappendkeywords */,
			);
			name = Products;
			sourceTree = "<group>";
		};
		0B87D0B71A23891900B66E75 /* ffappendkeywords */ = {
			isa = PBXGroup;
			children = (
				0B87D0B81A23891900B66E75 /* main.m */,
				0B87D0BF1A23895E00B66E75 /* Appender.h */,
				0B87D0C01A23895E00B66E75 /* Appender.m */,
			);
			path = ffappendkeywords;
			sourceTree = "<group>";
		};
/* End PBXGroup section */

/* Begin PBXNativeTarget section */
		0B87D0B41A23891900B66E75 /* ffappendkeywords */ = {
			isa = PBXNativeTarget;
			buildConfigurationList = 0B87D0BC1A23891900B66E75 /* Build configuration list for PBXNativeTarget "ffappendkeywords" */;
			buildPhases = (
				0B87D0B11A23891900B66E75 /* Sources */,
				0B87D0B21A23891900B66E75 /* Frameworks */,
				0B87D0B31A23891900B66E75 /* CopyFiles */,
			);
			buildRules = (
			);
			dependencies = (
			);
			name = ffappendkeywords;
			productName = ffappendkeywords;
			productReference = 0B87D0B51A23891900B66E75 /* ffappendkeywords */;
			productType = "com.apple.product-type.tool";
		};
/* End PBXNativeTarget section */

/* Begin PBXProject section */
		0B87D0AD1A23891900B66E75 /* Project object */ = {
			isa = PBXProject;
			attributes = {
				LastUpgradeCheck = 0610;
				ORGANIZATIONNAME = "Peter Kollath";
				TargetAttributes = {
					0B87D0B41A23891900B66E75 = {
						CreatedOnToolsVersion = 6.1;
					};
				};
			};
			buildConfigurationList = 0B87D0B01A23891900B66E75 /* Build configuration list for PBXProject "ffappendkeywords" */;
			compatibilityVersion = "Xcode 3.2";
			developmentRegion = English;
			hasScannedForEncodings = 0;
			knownRegions = (
				en,
			);
			mainGroup = 0B87D0AC1A23891900B66E75;
			productRefGroup = 0B87D0B61A23891900B66E75 /* Products */;
			projectDirPath = "";
			projectRoot = "";
			targets = (
				0B87D0B41A23891900B66E75 /* ffappendkeywords */,
			);
		};
/* End PBXProject section */

/* Begin PBXSourcesBuildPhase section */
		0B87D0B11A23891900B66E75 /* Sources */ = {
			isa = PBXSourcesBuildPhase;
			buildActionMask = 2147483647;
			files = (
				0B87D0C11A23895E00B66E75 /* Appender.m in Sources */,
				0B87D0B91A23891900B66E75 /* main.m in Sources */,
			);
			runOnlyForDeploymentPostprocessing = 0;
		};
/* End PBXSourcesBuildPhase section */

/* Begin XCBuildConfiguration section */
		0B87D0BA1A23891900B66E75 /* Debug */ = {
			isa = XCBuildConfiguration;
			buildSettings = {
				ALWAYS_SEARCH_USER_PATHS = NO;
				CLANG_CXX_LANGUAGE_STANDARD = "gnu++0x";
				CLANG_CXX_LIBRARY = "libc++";
				CLANG_ENABLE_MODULES = YES;
				CLANG_ENABLE_OBJC_ARC = YES;
				CLANG_WARN_BOOL_CONVERSION = YES;
				CLANG_WARN_CONSTANT_CONVERSION = YES;
				CLANG_WARN_DIRECT_OBJC_ISA_USAGE = YES_ERROR;
				CLANG_WARN_EMPTY_BODY = YES;
				CLANG_WARN_ENUM_CONVERSION = YES;
				CLANG_WARN_INT_CONVERSION = YES;
				CLANG_WARN_OBJC_ROOT_CLASS = YES_ERROR;
				CLANG_WARN_UNREACHABLE_CODE = YES;
				CLANG_WARN__DUPLICATE_METHOD_MATCH = YES;
				COPY_PHASE_STRIP = NO;
				ENABLE_STRICT_OBJC_MSGSEND = YES;
				GCC_C_LANGUAGE_STANDARD = gnu99;
				GCC_DYNAMIC_NO_PIC = NO;
				GCC_OPTIMIZATION_LEVEL = 0;
				GCC_PREPROCESSOR_DEFINITIONS = (
					"DEBUG=1",
					"$(inherited)",
				);
				GCC_SYMBOLS_PRIVATE_EXTERN = NO;
				GCC_WARN_64_TO_32_BIT_CONVERSION = YES;
				GCC_WARN_ABOUT_RETURN_TYPE = YES_ERROR;
				GCC_WARN_UNDECLARED_SELECTOR = YES;
				GCC_WARN_UNINITIALIZED_AUTOS = YES_AGGRESSIVE;
				GCC_WARN_UNUSED_FUNCTION = YES;
				GCC_WARN_UNUSED_VARIABLE = YES;
				MACOSX_DEPLOYMENT_TARGET = 10.10;
				MTL_ENABLE_DEBUG_INFO = YES;
				ONLY_ACTIVE_ARCH = YES;
				SDKROOT = macosx;
			};
			name = Debug;
		};
		0B87D0BB1A23891900B66E75 /* Release */ = {
			isa = XCBuildConfiguration;
			buildSettings = {
				ALWAYS_SEARCH_USER_PATHS = NO;
				CLANG_CXX_LANGUAGE_STANDARD = "gnu++0x";
				CLANG_CXX_LIBRARY = "libc++";
				CLANG_ENABLE_MODULES = YES;
				CLANG_ENABLE_OBJC_ARC = YES;
				CLANG_WARN_BOOL_CONVERSION = YES;
				CLANG_WARN_CONSTANT_CONVERSION = YES;
				CLANG_WARN_DIRECT_OBJC_ISA_USAGE = YES_ERROR;
				CLANG_WARN_EMPTY_BODY = YES;
				CLANG_WARN_ENUM_CONVERSION = YES;
				CLANG_WARN_INT_CONVERSION = YES;
				CLANG_WARN_OBJC_ROOT_CLASS = YES_ERROR;
				CLANG_WARN_UNREACHABLE_CODE = YES;
				CLANG_WARN__DUPLICATE_METHOD_MATCH = YES;
				COPY_PHASE_STRIP = YES;
				DEBUG_INFORMATION_FORMAT = "dwarf-with-dsym";
				ENABLE_NS_ASSERTIONS = NO;
				ENABLE_STRICT_OBJC_MSGSEND = YES;
				GCC_C_LANGUAGE_STANDARD = gnu99;
				GCC_WARN_64_TO_32_BIT_CONVERSION = YES;
				GCC_WARN_ABOUT_RETURN_TYPE = YES_ERROR;
				GCC_WARN_UNDECLARED_SELECTOR = YES;
				GCC_WARN_UNINITIALIZED_AUTOS = YES_AGGRESSIVE;
				GCC_WARN_UNUSED_FUNCTION = YES;
				GCC_WARN_UNUSED_VARIABLE = YES;
				MACOSX_DEPLOYMENT_TARGET = 10.10;
				MTL_ENABLE_DEBUG_INFO = NO;
				SDKROOT = macosx;
			};
			name = Release;
		};
		0B87D0BD1A23891900B66E75 /* Debug */ = {
			isa = XCBuildConfiguration;
			buildSettings = {
				PRODUCT_NAME = "$(TARGET_NAME)";
			};
			name = Debug;
		};
		0B87D0BE1A23891900B66E75 /* Release */ = {
			isa = XCBuildConfiguration;
			buildSettings = {
				PRODUCT_NAME = "$(TARGET_NAME)";
			};
			name = Release;
		};
/* End XCBuildConfiguration section */

/* Begin XCConfigurationList section */
		0B87D0B01A23891900B66E75 /* Build configuration list for PBXProject "ffappendkeywords" */ = {
			isa = XCConfigurationList;
			buildConfigurations = (
				0B87D0BA1A23891900B66E75 /* Debug */,
				0B87D0BB1A23891900B66E75 /* Release */,
			);
			defaultConfigurationIsVisible = 0;
			defaultConfigurationName = Release;
		};
		0B87D0BC1A23891900B66E75 /* Build configuration list for PBXNativeTarget "ffappendkeywords" */ = {
			isa = XCConfigurationList;
			buildConfigurations = (
				0B87D0BD1A23891900B66E75 /* Debug */,
				0B87D0BE1A23891900B66E75 /* Release */,
			);
			defaultConfigurationIsVisible = 0;
		};
/* End XCConfigurationList section */
	};
	rootObject = 0B87D0AD1A23891900B66E75 /* Project object */;
}
