// !$*UTF8*$!
{
	archiveVersion = 1;
	classes = {
	};
	objectVersion = 46;
	objects = {

/* Begin PBXBuildFile section */
		0B45AB7F1A14ACFD000A0CF7 /* main.m in Sources */ = {isa = PBXBuildFile; fileRef = 0B45AB7E1A14ACFD000A0CF7 /* main.m */; };
		0B45ABB01A14B610000A0CF7 /* ViewsBuilder.m in Sources */ = {isa = PBXBuildFile; fileRef = 0B45ABAF1A14B610000A0CF7 /* ViewsBuilder.m */; };
		0B45ABBF1A14F4F9000A0CF7 /* ViewDir.m in Sources */ = {isa = PBXBuildFile; fileRef = 0B45ABBE1A14F4F9000A0CF7 /* ViewDir.m */; };
		0B45ABC21A14F9A4000A0CF7 /* FlatFileUtils.m in Sources */ = {isa = PBXBuildFile; fileRef = 0B45ABC11A14F9A4000A0CF7 /* FlatFileUtils.m */; };
/* End PBXBuildFile section */

/* Begin PBXCopyFilesBuildPhase section */
		0B45AB791A14ACFD000A0CF7 /* CopyFiles */ = {
			isa = PBXCopyFilesBuildPhase;
			buildActionMask = 2147483647;
			dstPath = /usr/share/man/man1/;
			dstSubfolderSpec = 0;
			files = (
			);
			runOnlyForDeploymentPostprocessing = 1;
		};
/* End PBXCopyFilesBuildPhase section */

/* Begin PBXFileReference section */
		0B45AB7B1A14ACFD000A0CF7 /* ffviews */ = {isa = PBXFileReference; explicitFileType = "compiled.mach-o.executable"; includeInIndex = 0; path = ffviews; sourceTree = BUILT_PRODUCTS_DIR; };
		0B45AB7E1A14ACFD000A0CF7 /* main.m */ = {isa = PBXFileReference; lastKnownFileType = sourcecode.c.objc; path = main.m; sourceTree = "<group>"; };
		0B45ABAE1A14B610000A0CF7 /* ViewsBuilder.h */ = {isa = PBXFileReference; fileEncoding = 4; lastKnownFileType = sourcecode.c.h; path = ViewsBuilder.h; sourceTree = "<group>"; };
		0B45ABAF1A14B610000A0CF7 /* ViewsBuilder.m */ = {isa = PBXFileReference; fileEncoding = 4; lastKnownFileType = sourcecode.c.objc; path = ViewsBuilder.m; sourceTree = "<group>"; };
		0B45ABBD1A14F4F9000A0CF7 /* ViewDir.h */ = {isa = PBXFileReference; fileEncoding = 4; lastKnownFileType = sourcecode.c.h; path = ViewDir.h; sourceTree = "<group>"; };
		0B45ABBE1A14F4F9000A0CF7 /* ViewDir.m */ = {isa = PBXFileReference; fileEncoding = 4; lastKnownFileType = sourcecode.c.objc; path = ViewDir.m; sourceTree = "<group>"; };
		0B45ABC01A14F9A4000A0CF7 /* FlatFileUtils.h */ = {isa = PBXFileReference; fileEncoding = 4; lastKnownFileType = sourcecode.c.h; path = FlatFileUtils.h; sourceTree = "<group>"; };
		0B45ABC11A14F9A4000A0CF7 /* FlatFileUtils.m */ = {isa = PBXFileReference; fileEncoding = 4; lastKnownFileType = sourcecode.c.objc; path = FlatFileUtils.m; sourceTree = "<group>"; };
/* End PBXFileReference section */

/* Begin PBXFrameworksBuildPhase section */
		0B45AB781A14ACFD000A0CF7 /* Frameworks */ = {
			isa = PBXFrameworksBuildPhase;
			buildActionMask = 2147483647;
			files = (
			);
			runOnlyForDeploymentPostprocessing = 0;
		};
/* End PBXFrameworksBuildPhase section */

/* Begin PBXGroup section */
		0B45AB721A14ACFD000A0CF7 = {
			isa = PBXGroup;
			children = (
				0B45AB7D1A14ACFD000A0CF7 /* ffviews */,
				0B45AB7C1A14ACFD000A0CF7 /* Products */,
			);
			sourceTree = "<group>";
		};
		0B45AB7C1A14ACFD000A0CF7 /* Products */ = {
			isa = PBXGroup;
			children = (
				0B45AB7B1A14ACFD000A0CF7 /* ffviews */,
			);
			name = Products;
			sourceTree = "<group>";
		};
		0B45AB7D1A14ACFD000A0CF7 /* ffviews */ = {
			isa = PBXGroup;
			children = (
				0B45ABC01A14F9A4000A0CF7 /* FlatFileUtils.h */,
				0B45ABC11A14F9A4000A0CF7 /* FlatFileUtils.m */,
				0B45AB7E1A14ACFD000A0CF7 /* main.m */,
				0B45ABAE1A14B610000A0CF7 /* ViewsBuilder.h */,
				0B45ABAF1A14B610000A0CF7 /* ViewsBuilder.m */,
				0B45ABBD1A14F4F9000A0CF7 /* ViewDir.h */,
				0B45ABBE1A14F4F9000A0CF7 /* ViewDir.m */,
			);
			path = ffviews;
			sourceTree = "<group>";
		};
/* End PBXGroup section */

/* Begin PBXNativeTarget section */
		0B45AB7A1A14ACFD000A0CF7 /* ffviews */ = {
			isa = PBXNativeTarget;
			buildConfigurationList = 0B45AB821A14ACFD000A0CF7 /* Build configuration list for PBXNativeTarget "ffviews" */;
			buildPhases = (
				0B45AB771A14ACFD000A0CF7 /* Sources */,
				0B45AB781A14ACFD000A0CF7 /* Frameworks */,
				0B45AB791A14ACFD000A0CF7 /* CopyFiles */,
			);
			buildRules = (
			);
			dependencies = (
			);
			name = ffviews;
			productName = ffviews;
			productReference = 0B45AB7B1A14ACFD000A0CF7 /* ffviews */;
			productType = "com.apple.product-type.tool";
		};
/* End PBXNativeTarget section */

/* Begin PBXProject section */
		0B45AB731A14ACFD000A0CF7 /* Project object */ = {
			isa = PBXProject;
			attributes = {
				LastUpgradeCheck = 0600;
				ORGANIZATIONNAME = "Peter Kollath";
				TargetAttributes = {
					0B45AB7A1A14ACFD000A0CF7 = {
						CreatedOnToolsVersion = 6.0.1;
					};
				};
			};
			buildConfigurationList = 0B45AB761A14ACFD000A0CF7 /* Build configuration list for PBXProject "ffviews" */;
			compatibilityVersion = "Xcode 3.2";
			developmentRegion = English;
			hasScannedForEncodings = 0;
			knownRegions = (
				en,
			);
			mainGroup = 0B45AB721A14ACFD000A0CF7;
			productRefGroup = 0B45AB7C1A14ACFD000A0CF7 /* Products */;
			projectDirPath = "";
			projectRoot = "";
			targets = (
				0B45AB7A1A14ACFD000A0CF7 /* ffviews */,
			);
		};
/* End PBXProject section */

/* Begin PBXSourcesBuildPhase section */
		0B45AB771A14ACFD000A0CF7 /* Sources */ = {
			isa = PBXSourcesBuildPhase;
			buildActionMask = 2147483647;
			files = (
				0B45ABB01A14B610000A0CF7 /* ViewsBuilder.m in Sources */,
				0B45AB7F1A14ACFD000A0CF7 /* main.m in Sources */,
				0B45ABC21A14F9A4000A0CF7 /* FlatFileUtils.m in Sources */,
				0B45ABBF1A14F4F9000A0CF7 /* ViewDir.m in Sources */,
			);
			runOnlyForDeploymentPostprocessing = 0;
		};
/* End PBXSourcesBuildPhase section */

/* Begin XCBuildConfiguration section */
		0B45AB801A14ACFD000A0CF7 /* Debug */ = {
			isa = XCBuildConfiguration;
			buildSettings = {
				ALWAYS_SEARCH_USER_PATHS = NO;
				CLANG_CXX_LANGUAGE_STANDARD = "gnu++0x";
				CLANG_CXX_LIBRARY = "libc++";
				CLANG_ENABLE_MODULES = YES;
				CLANG_ENABLE_OBJC_ARC = YES;
				CLANG_WARN_BOOL_CONVERSION = YES;
				CLANG_WARN_CONSTANT_CONVERSION = YES;
				CLANG_WARN_DIRECT_OBJC_ISA_USAGE = YES_ERROR;
				CLANG_WARN_EMPTY_BODY = YES;
				CLANG_WARN_ENUM_CONVERSION = YES;
				CLANG_WARN_INT_CONVERSION = YES;
				CLANG_WARN_OBJC_ROOT_CLASS = YES_ERROR;
				CLANG_WARN_UNREACHABLE_CODE = YES;
				CLANG_WARN__DUPLICATE_METHOD_MATCH = YES;
				COPY_PHASE_STRIP = NO;
				ENABLE_STRICT_OBJC_MSGSEND = YES;
				GCC_C_LANGUAGE_STANDARD = gnu99;
				GCC_DYNAMIC_NO_PIC = NO;
				GCC_OPTIMIZATION_LEVEL = 0;
				GCC_PREPROCESSOR_DEFINITIONS = (
					"DEBUG=1",
					"$(inherited)",
				);
				GCC_SYMBOLS_PRIVATE_EXTERN = NO;
				GCC_WARN_64_TO_32_BIT_CONVERSION = YES;
				GCC_WARN_ABOUT_RETURN_TYPE = YES_ERROR;
				GCC_WARN_UNDECLARED_SELECTOR = YES;
				GCC_WARN_UNINITIALIZED_AUTOS = YES_AGGRESSIVE;
				GCC_WARN_UNUSED_FUNCTION = YES;
				GCC_WARN_UNUSED_VARIABLE = YES;
				MACOSX_DEPLOYMENT_TARGET = 10.10;
				MTL_ENABLE_DEBUG_INFO = YES;
				ONLY_ACTIVE_ARCH = YES;
				SDKROOT = macosx;
			};
			name = Debug;
		};
		0B45AB811A14ACFD000A0CF7 /* Release */ = {
			isa = XCBuildConfiguration;
			buildSettings = {
				ALWAYS_SEARCH_USER_PATHS = NO;
				CLANG_CXX_LANGUAGE_STANDARD = "gnu++0x";
				CLANG_CXX_LIBRARY = "libc++";
				CLANG_ENABLE_MODULES = YES;
				CLANG_ENABLE_OBJC_ARC = YES;
				CLANG_WARN_BOOL_CONVERSION = YES;
				CLANG_WARN_CONSTANT_CONVERSION = YES;
				CLANG_WARN_DIRECT_OBJC_ISA_USAGE = YES_ERROR;
				CLANG_WARN_EMPTY_BODY = YES;
				CLANG_WARN_ENUM_CONVERSION = YES;
				CLANG_WARN_INT_CONVERSION = YES;
				CLANG_WARN_OBJC_ROOT_CLASS = YES_ERROR;
				CLANG_WARN_UNREACHABLE_CODE = YES;
				CLANG_WARN__DUPLICATE_METHOD_MATCH = YES;
				COPY_PHASE_STRIP = YES;
				DEBUG_INFORMATION_FORMAT = "dwarf-with-dsym";
				ENABLE_NS_ASSERTIONS = NO;
				ENABLE_STRICT_OBJC_MSGSEND = YES;
				GCC_C_LANGUAGE_STANDARD = gnu99;
				GCC_WARN_64_TO_32_BIT_CONVERSION = YES;
				GCC_WARN_ABOUT_RETURN_TYPE = YES_ERROR;
				GCC_WARN_UNDECLARED_SELECTOR = YES;
				GCC_WARN_UNINITIALIZED_AUTOS = YES_AGGRESSIVE;
				GCC_WARN_UNUSED_FUNCTION = YES;
				GCC_WARN_UNUSED_VARIABLE = YES;
				MACOSX_DEPLOYMENT_TARGET = 10.10;
				MTL_ENABLE_DEBUG_INFO = NO;
				SDKROOT = macosx;
			};
			name = Release;
		};
		0B45AB831A14ACFD000A0CF7 /* Debug */ = {
			isa = XCBuildConfiguration;
			buildSettings = {
				PRODUCT_NAME = "$(TARGET_NAME)";
			};
			name = Debug;
		};
		0B45AB841A14ACFD000A0CF7 /* Release */ = {
			isa = XCBuildConfiguration;
			buildSettings = {
				PRODUCT_NAME = "$(TARGET_NAME)";
			};
			name = Release;
		};
/* End XCBuildConfiguration section */

/* Begin XCConfigurationList section */
		0B45AB761A14ACFD000A0CF7 /* Build configuration list for PBXProject "ffviews" */ = {
			isa = XCConfigurationList;
			buildConfigurations = (
				0B45AB801A14ACFD000A0CF7 /* Debug */,
				0B45AB811A14ACFD000A0CF7 /* Release */,
			);
			defaultConfigurationIsVisible = 0;
			defaultConfigurationName = Release;
		};
		0B45AB821A14ACFD000A0CF7 /* Build configuration list for PBXNativeTarget "ffviews" */ = {
			isa = XCConfigurationList;
			buildConfigurations = (
				0B45AB831A14ACFD000A0CF7 /* Debug */,
				0B45AB841A14ACFD000A0CF7 /* Release */,
			);
			defaultConfigurationIsVisible = 0;
		};
/* End XCConfigurationList section */
	};
	rootObject = 0B45AB731A14ACFD000A0CF7 /* Project object */;
}
